Microsoft Visual Studio Solution File, Format Version 12.00
# Visual Studio 15
VisualStudioVersion = 15.0.26430.14
MinimumVisualStudioVersion = 10.0.40219.1
Project("{FAE04EC0-301F-11D3-BF4B-00C04F79EFBC}") = "TestForDatetimeInModel.Standard", "TestForDatetimeInModel.Standard/TestForDatetimeInModel.Standard.csproj", "{578689b6-3530-467b-8587-3bf142f837b9}"
EndProject
Project("{FAE04EC0-301F-11D3-BF4B-00C04F79EFBC}") = "TestForDatetimeInModel.Tests", "TestForDatetimeInModel.Tests/TestForDatetimeInModel.Tests.csproj", "{c0b41146-1ca8-4af9-9fe8-6c1424736302}"
EndProject
Global
    GlobalSection(SolutionConfigurationPlatforms) = preSolution
        Debug|Any CPU = Debug|Any CPU
        Release|Any CPU = Release|Any CPU
    EndGlobalSection
    GlobalSection(ProjectConfigurationPlatforms) = postSolution
        {578689b6-3530-467b-8587-3bf142f837b9}.Debug|Any CPU.ActiveCfg = Debug|Any CPU
        {578689b6-3530-467b-8587-3bf142f837b9}.Debug|Any CPU.Build.0 = Debug|Any CPU
        {578689b6-3530-467b-8587-3bf142f837b9}.Release|Any CPU.ActiveCfg = Release|Any CPU
        {578689b6-3530-467b-8587-3bf142f837b9}.Release|Any CPU.Build.0 = Release|Any CPU
        {c0b41146-1ca8-4af9-9fe8-6c1424736302}.Debug|Any CPU.ActiveCfg = Debug|Any CPU
        {c0b41146-1ca8-4af9-9fe8-6c1424736302}.Debug|Any CPU.Build.0 = Debug|Any CPU
        {c0b41146-1ca8-4af9-9fe8-6c1424736302}.Release|Any CPU.ActiveCfg = Release|Any CPU
        {c0b41146-1ca8-4af9-9fe8-6c1424736302}.Release|Any CPU.Build.0 = Release|Any CPU
    EndGlobalSection
    GlobalSection(SolutionProperties) = preSolution
        HideSolutionNode = FALSE
    EndGlobalSection
EndGlobal
