Microsoft Visual Studio Solution File, Format Version 12.00
# Visual Studio 15
VisualStudioVersion = 15.0.26430.14
MinimumVisualStudioVersion = 10.0.40219.1
Project("{FAE04EC0-301F-11D3-BF4B-00C04F79EFBC}") = "TestForDatetimeInModel.Standard", "TestForDatetimeInModel.Standard/TestForDatetimeInModel.Standard.csproj", "{d198eb59-6ccf-426b-86ec-8bdef783496c}"
EndProject
Project("{FAE04EC0-301F-11D3-BF4B-00C04F79EFBC}") = "TestForDatetimeInModel.Tests", "TestForDatetimeInModel.Tests/TestForDatetimeInModel.Tests.csproj", "{fc26db60-4652-46ba-83fb-272ace9ba38f}"
EndProject
Global
    GlobalSection(SolutionConfigurationPlatforms) = preSolution
        Debug|Any CPU = Debug|Any CPU
        Release|Any CPU = Release|Any CPU
    EndGlobalSection
    GlobalSection(ProjectConfigurationPlatforms) = postSolution
        {d198eb59-6ccf-426b-86ec-8bdef783496c}.Debug|Any CPU.ActiveCfg = Debug|Any CPU
        {d198eb59-6ccf-426b-86ec-8bdef783496c}.Debug|Any CPU.Build.0 = Debug|Any CPU
        {d198eb59-6ccf-426b-86ec-8bdef783496c}.Release|Any CPU.ActiveCfg = Release|Any CPU
        {d198eb59-6ccf-426b-86ec-8bdef783496c}.Release|Any CPU.Build.0 = Release|Any CPU
        {fc26db60-4652-46ba-83fb-272ace9ba38f}.Debug|Any CPU.ActiveCfg = Debug|Any CPU
        {fc26db60-4652-46ba-83fb-272ace9ba38f}.Debug|Any CPU.Build.0 = Debug|Any CPU
        {fc26db60-4652-46ba-83fb-272ace9ba38f}.Release|Any CPU.ActiveCfg = Release|Any CPU
        {fc26db60-4652-46ba-83fb-272ace9ba38f}.Release|Any CPU.Build.0 = Release|Any CPU
    EndGlobalSection
    GlobalSection(SolutionProperties) = preSolution
        HideSolutionNode = FALSE
    EndGlobalSection
EndGlobal
